// !$*UTF8*$!
{
	archiveVersion = 1;
	classes = {
	};
	objectVersion = 51;
	objects = {

/* Begin PBXBuildFile section */
		AF6647402374757600E4149C /* AppDelegate.swift in Sources */ = {isa = PBXBuildFile; fileRef = AF66473F2374757600E4149C /* AppDelegate.swift */; };
		AF6647422374757600E4149C /* SceneDelegate.swift in Sources */ = {isa = PBXBuildFile; fileRef = AF6647412374757600E4149C /* SceneDelegate.swift */; };
		AF6647442374757600E4149C /* ViewController.swift in Sources */ = {isa = PBXBuildFile; fileRef = AF6647432374757600E4149C /* ViewController.swift */; };
		AF6647472374757600E4149C /* Main.storyboard in Resources */ = {isa = PBXBuildFile; fileRef = AF6647452374757600E4149C /* Main.storyboard */; };
		AF6647492374757A00E4149C /* Assets.xcassets in Resources */ = {isa = PBXBuildFile; fileRef = AF6647482374757A00E4149C /* Assets.xcassets */; };
		AF66474C2374757A00E4149C /* LaunchScreen.storyboard in Resources */ = {isa = PBXBuildFile; fileRef = AF66474A2374757A00E4149C /* LaunchScreen.storyboard */; };
		AF8DD5262374996C0042AEDD /* Test2_c0743896.ino in Resources */ = {isa = PBXBuildFile; fileRef = AF8DD5252374996C0042AEDD /* Test2_c0743896.ino */; };
		B743CC672669F5900DE88472 /* Pods_Test2_c0743896.framework in Frameworks */ = {isa = PBXBuildFile; fileRef = 3459E8D8D8B3F483CB698777 /* Pods_Test2_c0743896.framework */; };
/* End PBXBuildFile section */

/* Begin PBXContainerItemProxy section */
		AF8DD5212374988A0042AEDD /* PBXContainerItemProxy */ = {
			isa = PBXContainerItemProxy;
			containerPortal = AF8DD51C2374988A0042AEDD /* Pods.xcodeproj */;
			proxyType = 2;
			remoteGlobalIDString = 5D797E9A5C5782CE845840781FA1CC81;
			remoteInfo = Alamofire;
		};
		AF8DD5232374988A0042AEDD /* PBXContainerItemProxy */ = {
			isa = PBXContainerItemProxy;
			containerPortal = AF8DD51C2374988A0042AEDD /* Pods.xcodeproj */;
			proxyType = 2;
			remoteGlobalIDString = 1883BEAAB75282991B6B488431A9704A;
			remoteInfo = "Pods-Test2_c0743896";
		};
/* End PBXContainerItemProxy section */

/* Begin PBXFileReference section */
		09E8EA58B881EF8075F2AE6E /* Pods-Test2_c0743896.release.xcconfig */ = {isa = PBXFileReference; includeInIndex = 1; lastKnownFileType = text.xcconfig; name = "Pods-Test2_c0743896.release.xcconfig"; path = "Target Support Files/Pods-Test2_c0743896/Pods-Test2_c0743896.release.xcconfig"; sourceTree = "<group>"; };
		3459E8D8D8B3F483CB698777 /* Pods_Test2_c0743896.framework */ = {isa = PBXFileReference; explicitFileType = wrapper.framework; includeInIndex = 0; path = Pods_Test2_c0743896.framework; sourceTree = BUILT_PRODUCTS_DIR; };
		AF66473C2374757600E4149C /* Test2_c0743896.app */ = {isa = PBXFileReference; explicitFileType = wrapper.application; includeInIndex = 0; path = Test2_c0743896.app; sourceTree = BUILT_PRODUCTS_DIR; };
		AF66473F2374757600E4149C /* AppDelegate.swift */ = {isa = PBXFileReference; lastKnownFileType = sourcecode.swift; path = AppDelegate.swift; sourceTree = "<group>"; };
		AF6647412374757600E4149C /* SceneDelegate.swift */ = {isa = PBXFileReference; lastKnownFileType = sourcecode.swift; path = SceneDelegate.swift; sourceTree = "<group>"; };
		AF6647432374757600E4149C /* ViewController.swift */ = {isa = PBXFileReference; lastKnownFileType = sourcecode.swift; path = ViewController.swift; sourceTree = "<group>"; };
		AF6647462374757600E4149C /* Base */ = {isa = PBXFileReference; lastKnownFileType = file.storyboard; name = Base; path = Base.lproj/Main.storyboard; sourceTree = "<group>"; };
		AF6647482374757A00E4149C /* Assets.xcassets */ = {isa = PBXFileReference; lastKnownFileType = folder.assetcatalog; path = Assets.xcassets; sourceTree = "<group>"; };
		AF66474B2374757A00E4149C /* Base */ = {isa = PBXFileReference; lastKnownFileType = file.storyboard; name = Base; path = Base.lproj/LaunchScreen.storyboard; sourceTree = "<group>"; };
		AF66474D2374757A00E4149C /* Info.plist */ = {isa = PBXFileReference; lastKnownFileType = text.plist.xml; path = Info.plist; sourceTree = "<group>"; };
		AF8DD51B2374971F0042AEDD /* Bridging-Header.h */ = {isa = PBXFileReference; lastKnownFileType = sourcecode.c.h; path = "Bridging-Header.h"; sourceTree = "<group>"; };
		AF8DD51C2374988A0042AEDD /* Pods.xcodeproj */ = {isa = PBXFileReference; lastKnownFileType = "wrapper.pb-project"; name = Pods.xcodeproj; path = Pods/Pods.xcodeproj; sourceTree = "<group>"; };
		AF8DD5252374996C0042AEDD /* Test2_c0743896.ino */ = {isa = PBXFileReference; lastKnownFileType = text; path = Test2_c0743896.ino; sourceTree = "<group>"; };
		C5D01A5A240E83AB7328453E /* Pods-Test2_c0743896.debug.xcconfig */ = {isa = PBXFileReference; includeInIndex = 1; lastKnownFileType = text.xcconfig; name = "Pods-Test2_c0743896.debug.xcconfig"; path = "Target Support Files/Pods-Test2_c0743896/Pods-Test2_c0743896.debug.xcconfig"; sourceTree = "<group>"; };
/* End PBXFileReference section */

/* Begin PBXFrameworksBuildPhase section */
		AF6647392374757600E4149C /* Frameworks */ = {
			isa = PBXFrameworksBuildPhase;
			buildActionMask = 2147483647;
			files = (
				B743CC672669F5900DE88472 /* Pods_Test2_c0743896.framework in Frameworks */,
			);
			runOnlyForDeploymentPostprocessing = 0;
		};
/* End PBXFrameworksBuildPhase section */

/* Begin PBXGroup section */
		334E9C4CA9E407761E351278 /* Frameworks */ = {
			isa = PBXGroup;
			children = (
				AF8DD51C2374988A0042AEDD /* Pods.xcodeproj */,
				3459E8D8D8B3F483CB698777 /* Pods_Test2_c0743896.framework */,
			);
			name = Frameworks;
			sourceTree = "<group>";
		};
		AF6647332374757600E4149C = {
			isa = PBXGroup;
			children = (
				AF66473E2374757600E4149C /* Test2_c0743896 */,
				AF66473D2374757600E4149C /* Products */,
				B4456DFA3C8E7E7F525193A9 /* Pods */,
				334E9C4CA9E407761E351278 /* Frameworks */,
			);
			sourceTree = "<group>";
		};
		AF66473D2374757600E4149C /* Products */ = {
			isa = PBXGroup;
			children = (
				AF66473C2374757600E4149C /* Test2_c0743896.app */,
			);
			name = Products;
			sourceTree = "<group>";
		};
		AF66473E2374757600E4149C /* Test2_c0743896 */ = {
			isa = PBXGroup;
			children = (
				AF66473F2374757600E4149C /* AppDelegate.swift */,
				AF6647412374757600E4149C /* SceneDelegate.swift */,
				AF6647432374757600E4149C /* ViewController.swift */,
				AF6647452374757600E4149C /* Main.storyboard */,
				AF6647482374757A00E4149C /* Assets.xcassets */,
				AF66474A2374757A00E4149C /* LaunchScreen.storyboard */,
				AF66474D2374757A00E4149C /* Info.plist */,
				AF8DD51B2374971F0042AEDD /* Bridging-Header.h */,
				AF8DD5252374996C0042AEDD /* Test2_c0743896.ino */,
			);
			path = Test2_c0743896;
			sourceTree = "<group>";
		};
		AF8DD51D2374988A0042AEDD /* Products */ = {
			isa = PBXGroup;
			children = (
				AF8DD5222374988A0042AEDD /* Alamofire.framework */,
				AF8DD5242374988A0042AEDD /* Pods_Test2_c0743896.framework */,
			);
			name = Products;
			sourceTree = "<group>";
		};
		B4456DFA3C8E7E7F525193A9 /* Pods */ = {
			isa = PBXGroup;
			children = (
				C5D01A5A240E83AB7328453E /* Pods-Test2_c0743896.debug.xcconfig */,
				09E8EA58B881EF8075F2AE6E /* Pods-Test2_c0743896.release.xcconfig */,
			);
			path = Pods;
			sourceTree = "<group>";
		};
/* End PBXGroup section */

/* Begin PBXNativeTarget section */
		AF66473B2374757600E4149C /* Test2_c0743896 */ = {
			isa = PBXNativeTarget;
			buildConfigurationList = AF6647502374757A00E4149C /* Build configuration list for PBXNativeTarget "Test2_c0743896" */;
			buildPhases = (
				E462456A3ECDD6FBA446A316 /* [CP] Check Pods Manifest.lock */,
				AF6647382374757600E4149C /* Sources */,
				AF6647392374757600E4149C /* Frameworks */,
				AF66473A2374757600E4149C /* Resources */,
				BB7346B833F864168DDC120A /* [CP] Embed Pods Frameworks */,
			);
			buildRules = (
			);
			dependencies = (
			);
			name = Test2_c0743896;
			productName = Test2_c0743896;
			productReference = AF66473C2374757600E4149C /* Test2_c0743896.app */;
			productType = "com.apple.product-type.application";
		};
/* End PBXNativeTarget section */

/* Begin PBXProject section */
		AF6647342374757600E4149C /* Project object */ = {
			isa = PBXProject;
			attributes = {
				LastSwiftUpdateCheck = 1110;
				LastUpgradeCheck = 1110;
				ORGANIZATIONNAME = manoj;
				TargetAttributes = {
					AF66473B2374757600E4149C = {
						CreatedOnToolsVersion = 11.1;
					};
				};
			};
			buildConfigurationList = AF6647372374757600E4149C /* Build configuration list for PBXProject "Test2_c0743896" */;
			compatibilityVersion = "Xcode 9.3";
			developmentRegion = en;
			hasScannedForEncodings = 0;
			knownRegions = (
				en,
				Base,
			);
			mainGroup = AF6647332374757600E4149C;
			productRefGroup = AF66473D2374757600E4149C /* Products */;
			projectDirPath = "";
			projectReferences = (
				{
					ProductGroup = AF8DD51D2374988A0042AEDD /* Products */;
					ProjectRef = AF8DD51C2374988A0042AEDD /* Pods.xcodeproj */;
				},
			);
			projectRoot = "";
			targets = (
				AF66473B2374757600E4149C /* Test2_c0743896 */,
			);
		};
/* End PBXProject section */

/* Begin PBXReferenceProxy section */
		AF8DD5222374988A0042AEDD /* Alamofire.framework */ = {
			isa = PBXReferenceProxy;
			fileType = wrapper.framework;
			path = Alamofire.framework;
			remoteRef = AF8DD5212374988A0042AEDD /* PBXContainerItemProxy */;
			sourceTree = BUILT_PRODUCTS_DIR;
		};
		AF8DD5242374988A0042AEDD /* Pods_Test2_c0743896.framework */ = {
			isa = PBXReferenceProxy;
			fileType = wrapper.framework;
			path = Pods_Test2_c0743896.framework;
			remoteRef = AF8DD5232374988A0042AEDD /* PBXContainerItemProxy */;
			sourceTree = BUILT_PRODUCTS_DIR;
		};
/* End PBXReferenceProxy section */

/* Begin PBXResourcesBuildPhase section */
		AF66473A2374757600E4149C /* Resources */ = {
			isa = PBXResourcesBuildPhase;
			buildActionMask = 2147483647;
			files = (
				AF66474C2374757A00E4149C /* LaunchScreen.storyboard in Resources */,
				AF6647492374757A00E4149C /* Assets.xcassets in Resources */,
				AF6647472374757600E4149C /* Main.storyboard in Resources */,
				AF8DD5262374996C0042AEDD /* Test2_c0743896.ino in Resources */,
			);
			runOnlyForDeploymentPostprocessing = 0;
		};
/* End PBXResourcesBuildPhase section */

/* Begin PBXShellScriptBuildPhase section */
		BB7346B833F864168DDC120A /* [CP] Embed Pods Frameworks */ = {
			isa = PBXShellScriptBuildPhase;
			buildActionMask = 2147483647;
			files = (
			);
			inputFileListPaths = (
				"${PODS_ROOT}/Target Support Files/Pods-Test2_c0743896/Pods-Test2_c0743896-frameworks-${CONFIGURATION}-input-files.xcfilelist",
			);
			name = "[CP] Embed Pods Frameworks";
			outputFileListPaths = (
				"${PODS_ROOT}/Target Support Files/Pods-Test2_c0743896/Pods-Test2_c0743896-frameworks-${CONFIGURATION}-output-files.xcfilelist",
			);
			runOnlyForDeploymentPostprocessing = 0;
			shellPath = /bin/sh;
			shellScript = "\"${PODS_ROOT}/Target Support Files/Pods-Test2_c0743896/Pods-Test2_c0743896-frameworks.sh\"\n";
			showEnvVarsInLog = 0;
		};
		E462456A3ECDD6FBA446A316 /* [CP] Check Pods Manifest.lock */ = {
			isa = PBXShellScriptBuildPhase;
			buildActionMask = 2147483647;
			files = (
			);
			inputFileListPaths = (
			);
			inputPaths = (
				"${PODS_PODFILE_DIR_PATH}/Podfile.lock",
				"${PODS_ROOT}/Manifest.lock",
			);
			name = "[CP] Check Pods Manifest.lock";
			outputFileListPaths = (
			);
			outputPaths = (
				"$(DERIVED_FILE_DIR)/Pods-Test2_c0743896-checkManifestLockResult.txt",
			);
			runOnlyForDeploymentPostprocessing = 0;
			shellPath = /bin/sh;
			shellScript = "diff \"${PODS_PODFILE_DIR_PATH}/Podfile.lock\" \"${PODS_ROOT}/Manifest.lock\" > /dev/null\nif [ $? != 0 ] ; then\n    # print error to STDERR\n    echo \"error: The sandbox is not in sync with the Podfile.lock. Run 'pod install' or update your CocoaPods installation.\" >&2\n    exit 1\nfi\n# This output is used by Xcode 'outputs' to avoid re-running this script phase.\necho \"SUCCESS\" > \"${SCRIPT_OUTPUT_FILE_0}\"\n";
			showEnvVarsInLog = 0;
		};
/* End PBXShellScriptBuildPhase section */

/* Begin PBXSourcesBuildPhase section */
		AF6647382374757600E4149C /* Sources */ = {
			isa = PBXSourcesBuildPhase;
			buildActionMask = 2147483647;
			files = (
				AF6647442374757600E4149C /* ViewController.swift in Sources */,
				AF6647402374757600E4149C /* AppDelegate.swift in Sources */,
				AF6647422374757600E4149C /* SceneDelegate.swift in Sources */,
			);
			runOnlyForDeploymentPostprocessing = 0;
		};
/* End PBXSourcesBuildPhase section */

/* Begin PBXVariantGroup section */
		AF6647452374757600E4149C /* Main.storyboard */ = {
			isa = PBXVariantGroup;
			children = (
				AF6647462374757600E4149C /* Base */,
			);
			name = Main.storyboard;
			sourceTree = "<group>";
		};
		AF66474A2374757A00E4149C /* LaunchScreen.storyboard */ = {
			isa = PBXVariantGroup;
			children = (
				AF66474B2374757A00E4149C /* Base */,
			);
			name = LaunchScreen.storyboard;
			sourceTree = "<group>";
		};
/* End PBXVariantGroup section */

/* Begin XCBuildConfiguration section */
		AF66474E2374757A00E4149C /* Debug */ = {
			isa = XCBuildConfiguration;
			buildSettings = {
				ALWAYS_SEARCH_USER_PATHS = NO;
				CLANG_ANALYZER_NONNULL = YES;
				CLANG_ANALYZER_NUMBER_OBJECT_CONVERSION = YES_AGGRESSIVE;
				CLANG_CXX_LANGUAGE_STANDARD = "gnu++14";
				CLANG_CXX_LIBRARY = "libc++";
				CLANG_ENABLE_MODULES = YES;
				CLANG_ENABLE_OBJC_ARC = YES;
				CLANG_ENABLE_OBJC_WEAK = YES;
				CLANG_WARN_BLOCK_CAPTURE_AUTORELEASING = YES;
				CLANG_WARN_BOOL_CONVERSION = YES;
				CLANG_WARN_COMMA = YES;
				CLANG_WARN_CONSTANT_CONVERSION = YES;
				CLANG_WARN_DEPRECATED_OBJC_IMPLEMENTATIONS = YES;
				CLANG_WARN_DIRECT_OBJC_ISA_USAGE = YES_ERROR;
				CLANG_WARN_DOCUMENTATION_COMMENTS = YES;
				CLANG_WARN_EMPTY_BODY = YES;
				CLANG_WARN_ENUM_CONVERSION = YES;
				CLANG_WARN_INFINITE_RECURSION = YES;
				CLANG_WARN_INT_CONVERSION = YES;
				CLANG_WARN_NON_LITERAL_NULL_CONVERSION = YES;
				CLANG_WARN_OBJC_IMPLICIT_RETAIN_SELF = YES;
				CLANG_WARN_OBJC_LITERAL_CONVERSION = YES;
				CLANG_WARN_OBJC_ROOT_CLASS = YES_ERROR;
				CLANG_WARN_RANGE_LOOP_ANALYSIS = YES;
				CLANG_WARN_STRICT_PROTOTYPES = YES;
				CLANG_WARN_SUSPICIOUS_MOVE = YES;
				CLANG_WARN_UNGUARDED_AVAILABILITY = YES_AGGRESSIVE;
				CLANG_WARN_UNREACHABLE_CODE = YES;
				CLANG_WARN__DUPLICATE_METHOD_MATCH = YES;
				COPY_PHASE_STRIP = NO;
				DEBUG_INFORMATION_FORMAT = dwarf;
				ENABLE_STRICT_OBJC_MSGSEND = YES;
				ENABLE_TESTABILITY = YES;
				GCC_C_LANGUAGE_STANDARD = gnu11;
				GCC_DYNAMIC_NO_PIC = NO;
				GCC_NO_COMMON_BLOCKS = YES;
				GCC_OPTIMIZATION_LEVEL = 0;
				GCC_PREPROCESSOR_DEFINITIONS = (
					"DEBUG=1",
					"$(inherited)",
				);
				GCC_WARN_64_TO_32_BIT_CONVERSION = YES;
				GCC_WARN_ABOUT_RETURN_TYPE = YES_ERROR;
				GCC_WARN_UNDECLARED_SELECTOR = YES;
				GCC_WARN_UNINITIALIZED_AUTOS = YES_AGGRESSIVE;
				GCC_WARN_UNUSED_FUNCTION = YES;
				GCC_WARN_UNUSED_VARIABLE = YES;
				IPHONEOS_DEPLOYMENT_TARGET = 13.1;
				MTL_ENABLE_DEBUG_INFO = INCLUDE_SOURCE;
				MTL_FAST_MATH = YES;
				ONLY_ACTIVE_ARCH = YES;
				SDKROOT = iphoneos;
				SWIFT_ACTIVE_COMPILATION_CONDITIONS = DEBUG;
				SWIFT_OPTIMIZATION_LEVEL = "-Onone";
			};
			name = Debug;
		};
		AF66474F2374757A00E4149C /* Release */ = {
			isa = XCBuildConfiguration;
			buildSettings = {
				ALWAYS_SEARCH_USER_PATHS = NO;
				CLANG_ANALYZER_NONNULL = YES;
				CLANG_ANALYZER_NUMBER_OBJECT_CONVERSION = YES_AGGRESSIVE;
				CLANG_CXX_LANGUAGE_STANDARD = "gnu++14";
				CLANG_CXX_LIBRARY = "libc++";
				CLANG_ENABLE_MODULES = YES;
				CLANG_ENABLE_OBJC_ARC = YES;
				CLANG_ENABLE_OBJC_WEAK = YES;
				CLANG_WARN_BLOCK_CAPTURE_AUTORELEASING = YES;
				CLANG_WARN_BOOL_CONVERSION = YES;
				CLANG_WARN_COMMA = YES;
				CLANG_WARN_CONSTANT_CONVERSION = YES;
				CLANG_WARN_DEPRECATED_OBJC_IMPLEMENTATIONS = YES;
				CLANG_WARN_DIRECT_OBJC_ISA_USAGE = YES_ERROR;
				CLANG_WARN_DOCUMENTATION_COMMENTS = YES;
				CLANG_WARN_EMPTY_BODY = YES;
				CLANG_WARN_ENUM_CONVERSION = YES;
				CLANG_WARN_INFINITE_RECURSION = YES;
				CLANG_WARN_INT_CONVERSION = YES;
				CLANG_WARN_NON_LITERAL_NULL_CONVERSION = YES;
				CLANG_WARN_OBJC_IMPLICIT_RETAIN_SELF = YES;
				CLANG_WARN_OBJC_LITERAL_CONVERSION = YES;
				CLANG_WARN_OBJC_ROOT_CLASS = YES_ERROR;
				CLANG_WARN_RANGE_LOOP_ANALYSIS = YES;
				CLANG_WARN_STRICT_PROTOTYPES = YES;
				CLANG_WARN_SUSPICIOUS_MOVE = YES;
				CLANG_WARN_UNGUARDED_AVAILABILITY = YES_AGGRESSIVE;
				CLANG_WARN_UNREACHABLE_CODE = YES;
				CLANG_WARN__DUPLICATE_METHOD_MATCH = YES;
				COPY_PHASE_STRIP = NO;
				DEBUG_INFORMATION_FORMAT = "dwarf-with-dsym";
				ENABLE_NS_ASSERTIONS = NO;
				ENABLE_STRICT_OBJC_MSGSEND = YES;
				GCC_C_LANGUAGE_STANDARD = gnu11;
				GCC_NO_COMMON_BLOCKS = YES;
				GCC_WARN_64_TO_32_BIT_CONVERSION = YES;
				GCC_WARN_ABOUT_RETURN_TYPE = YES_ERROR;
				GCC_WARN_UNDECLARED_SELECTOR = YES;
				GCC_WARN_UNINITIALIZED_AUTOS = YES_AGGRESSIVE;
				GCC_WARN_UNUSED_FUNCTION = YES;
				GCC_WARN_UNUSED_VARIABLE = YES;
				IPHONEOS_DEPLOYMENT_TARGET = 13.1;
				MTL_ENABLE_DEBUG_INFO = NO;
				MTL_FAST_MATH = YES;
				SDKROOT = iphoneos;
				SWIFT_COMPILATION_MODE = wholemodule;
				SWIFT_OPTIMIZATION_LEVEL = "-O";
				VALIDATE_PRODUCT = YES;
			};
			name = Release;
		};
		AF6647512374757A00E4149C /* Debug */ = {
			isa = XCBuildConfiguration;
			baseConfigurationReference = C5D01A5A240E83AB7328453E /* Pods-Test2_c0743896.debug.xcconfig */;
			buildSettings = {
				ASSETCATALOG_COMPILER_APPICON_NAME = AppIcon;
				CODE_SIGN_STYLE = Automatic;
				INFOPLIST_FILE = Test2_c0743896/Info.plist;
				LD_RUNPATH_SEARCH_PATHS = (
					"$(inherited)",
					"@executable_path/Frameworks",
				);
				PRODUCT_BUNDLE_IDENTIFIER = "college.Test2-c0743896";
				PRODUCT_NAME = "$(TARGET_NAME)";
				SWIFT_OBJC_BRIDGING_HEADER = "Test2_c0743896/Bridging-Header.h";
				SWIFT_VERSION = 5.0;
				TARGETED_DEVICE_FAMILY = "1,2";
				USER_HEADER_SEARCH_PATHS = "Pods/**";
			};
			name = Debug;
		};
		AF6647522374757A00E4149C /* Release */ = {
			isa = XCBuildConfiguration;
			baseConfigurationReference = 09E8EA58B881EF8075F2AE6E /* Pods-Test2_c0743896.release.xcconfig */;
			buildSettings = {
				ASSETCATALOG_COMPILER_APPICON_NAME = AppIcon;
				CODE_SIGN_STYLE = Automatic;
				INFOPLIST_FILE = Test2_c0743896/Info.plist;
				LD_RUNPATH_SEARCH_PATHS = (
					"$(inherited)",
					"@executable_path/Frameworks",
				);
				PRODUCT_BUNDLE_IDENTIFIER = "college.Test2-c0743896";
				PRODUCT_NAME = "$(TARGET_NAME)";
				SWIFT_OBJC_BRIDGING_HEADER = "Test2_c0743896/Bridging-Header.h";
				SWIFT_VERSION = 5.0;
				TARGETED_DEVICE_FAMILY = "1,2";
				USER_HEADER_SEARCH_PATHS = "Pods/**";
			};
			name = Release;
		};
/* End XCBuildConfiguration section */

/* Begin XCConfigurationList section */
		AF6647372374757600E4149C /* Build configuration list for PBXProject "Test2_c0743896" */ = {
			isa = XCConfigurationList;
			buildConfigurations = (
				AF66474E2374757A00E4149C /* Debug */,
				AF66474F2374757A00E4149C /* Release */,
			);
			defaultConfigurationIsVisible = 0;
			defaultConfigurationName = Release;
		};
		AF6647502374757A00E4149C /* Build configuration list for PBXNativeTarget "Test2_c0743896" */ = {
			isa = XCConfigurationList;
			buildConfigurations = (
				AF6647512374757A00E4149C /* Debug */,
				AF6647522374757A00E4149C /* Release */,
			);
			defaultConfigurationIsVisible = 0;
			defaultConfigurationName = Release;
		};
/* End XCConfigurationList section */
	};
	rootObject = AF6647342374757600E4149C /* Project object */;
}
